{
    "_meta": {
        "hash": {
            "sha256": "6dcdd37e892b4cfa8b51b5d64d0fd5ad49c3ecec1226f9c2d424548a27cb8578"
        },
        "pipfile-spec": 6,
        "requires": {
            "python_version": "3.6"
        },
        "sources": [
            {
                "name": "pypi",
                "url": "https://pypi.python.org/simple",
                "verify_ssl": true
            }
        ]
    },
    "default": {
        "certifi": {
            "hashes": [
                "sha256:14131608ad2fd56836d33a71ee60fa1c82bc9d2c8d98b7bdbc631fe1b3cd1296",
                "sha256:edbc3f203427eef571f79a7692bb160a2b0f7ccaa31953e99bd17e307cf63f7d"
            ],
            "version": "==2018.1.18"
        },
        "future": {
            "hashes": [
                "sha256:e39ced1ab767b5936646cedba8bcce582398233d6a627067d4c6a454c90cfedb"
            ],
            "version": "==0.16.0"
        },
        "python-telegram-bot": {
            "hashes": [
                "sha256:437876eaeb2d5c6e193afb6b38991e7a06d1dd64df7d35d1d9ff3b86ec4a8fc6",
                "sha256:2e93d129d4b013b5b383c67c8dbfd8d791be23e58c1c3dfe5ad2aeaeba5bf037"
            ],
            "version": "==10.0.0"
        }
    },
    "develop": {}
}
